
Microsoft Visual Studio Solution File, Format Version 12.00
# Visual Studio Version 16
VisualStudioVersion = 16.0.30413.136
MinimumVisualStudioVersion = 10.0.40219.1
Project("{9A19103F-16F7-4668-BE54-9A1E7A4F7556}") = "TechnicalDocuIndexer.Web", "TechnicalDocuIndexer.Web\TechnicalDocuIndexer.Web.csproj", "{97D67193-87DE-4BF6-8484-00273F2B44A3}"
EndProject
Project("{9A19103F-16F7-4668-BE54-9A1E7A4F7556}") = "TechnicalDocuIndexer.Functions", "TechnicalDocuIndexer.Functions\TechnicalDocuIndexer.Functions.csproj", "{441B8CF9-E387-4C19-A770-723B6CB5F5D0}"
EndProject
Global
	GlobalSection(SolutionConfigurationPlatforms) = preSolution
		Debug|Any CPU = Debug|Any CPU
		Release|Any CPU = Release|Any CPU
	EndGlobalSection
	GlobalSection(ProjectConfigurationPlatforms) = postSolution
		{97D67193-87DE-4BF6-8484-00273F2B44A3}.Debug|Any CPU.ActiveCfg = Debug|Any CPU
		{97D67193-87DE-4BF6-8484-00273F2B44A3}.Debug|Any CPU.Build.0 = Debug|Any CPU
		{97D67193-87DE-4BF6-8484-00273F2B44A3}.Release|Any CPU.ActiveCfg = Release|Any CPU
		{97D67193-87DE-4BF6-8484-00273F2B44A3}.Release|Any CPU.Build.0 = Release|Any CPU
		{441B8CF9-E387-4C19-A770-723B6CB5F5D0}.Debug|Any CPU.ActiveCfg = Debug|Any CPU
		{441B8CF9-E387-4C19-A770-723B6CB5F5D0}.Debug|Any CPU.Build.0 = Debug|Any CPU
		{441B8CF9-E387-4C19-A770-723B6CB5F5D0}.Release|Any CPU.ActiveCfg = Release|Any CPU
		{441B8CF9-E387-4C19-A770-723B6CB5F5D0}.Release|Any CPU.Build.0 = Release|Any CPU
	EndGlobalSection
	GlobalSection(SolutionProperties) = preSolution
		HideSolutionNode = FALSE
	EndGlobalSection
	GlobalSection(ExtensibilityGlobals) = postSolution
		SolutionGuid = {F359D81B-CDBF-4470-B970-9CF66AA5039F}
	EndGlobalSection
EndGlobal
